// !$*UTF8*$!
{
	archiveVersion = 1;
	classes = {
	};
	objectVersion = 56;
	objects = {

/* Begin PBXBuildFile section */
		45D284DB2B2438B600A52035 /* AppDelegate.swift in Sources */ = {isa = PBXBuildFile; fileRef = 45D284DA2B2438B600A52035 /* AppDelegate.swift */; };
		45D284DD2B2438B600A52035 /* SceneDelegate.swift in Sources */ = {isa = PBXBuildFile; fileRef = 45D284DC2B2438B600A52035 /* SceneDelegate.swift */; };
		45D284DF2B2438B600A52035 /* ViewController.swift in Sources */ = {isa = PBXBuildFile; fileRef = 45D284DE2B2438B600A52035 /* ViewController.swift */; };
		45D284E42B2438B700A52035 /* Assets.xcassets in Resources */ = {isa = PBXBuildFile; fileRef = 45D284E32B2438B700A52035 /* Assets.xcassets */; };
		45D284E72B2438B700A52035 /* LaunchScreen.storyboard in Resources */ = {isa = PBXBuildFile; fileRef = 45D284E52B2438B700A52035 /* LaunchScreen.storyboard */; };
		45D284F22B2438B700A52035 /* CleanLottoTests.swift in Sources */ = {isa = PBXBuildFile; fileRef = 45D284F12B2438B700A52035 /* CleanLottoTests.swift */; };
		45D284FC2B2438B700A52035 /* CleanLottoUITests.swift in Sources */ = {isa = PBXBuildFile; fileRef = 45D284FB2B2438B700A52035 /* CleanLottoUITests.swift */; };
		45D284FE2B2438B700A52035 /* CleanLottoUITestsLaunchTests.swift in Sources */ = {isa = PBXBuildFile; fileRef = 45D284FD2B2438B700A52035 /* CleanLottoUITestsLaunchTests.swift */; };
/* End PBXBuildFile section */

/* Begin PBXContainerItemProxy section */
		45D284EE2B2438B700A52035 /* PBXContainerItemProxy */ = {
			isa = PBXContainerItemProxy;
			containerPortal = 45D284CF2B2438B600A52035 /* Project object */;
			proxyType = 1;
			remoteGlobalIDString = 45D284D62B2438B600A52035;
			remoteInfo = CleanLotto;
		};
		45D284F82B2438B700A52035 /* PBXContainerItemProxy */ = {
			isa = PBXContainerItemProxy;
			containerPortal = 45D284CF2B2438B600A52035 /* Project object */;
			proxyType = 1;
			remoteGlobalIDString = 45D284D62B2438B600A52035;
			remoteInfo = CleanLotto;
		};
/* End PBXContainerItemProxy section */

/* Begin PBXFileReference section */
		45D284D72B2438B600A52035 /* CleanLotto.app */ = {isa = PBXFileReference; explicitFileType = wrapper.application; includeInIndex = 0; path = CleanLotto.app; sourceTree = BUILT_PRODUCTS_DIR; };
		45D284DA2B2438B600A52035 /* AppDelegate.swift */ = {isa = PBXFileReference; lastKnownFileType = sourcecode.swift; path = AppDelegate.swift; sourceTree = "<group>"; };
		45D284DC2B2438B600A52035 /* SceneDelegate.swift */ = {isa = PBXFileReference; lastKnownFileType = sourcecode.swift; path = SceneDelegate.swift; sourceTree = "<group>"; };
		45D284DE2B2438B600A52035 /* ViewController.swift */ = {isa = PBXFileReference; lastKnownFileType = sourcecode.swift; path = ViewController.swift; sourceTree = "<group>"; };
		45D284E32B2438B700A52035 /* Assets.xcassets */ = {isa = PBXFileReference; lastKnownFileType = folder.assetcatalog; path = Assets.xcassets; sourceTree = "<group>"; };
		45D284E62B2438B700A52035 /* Base */ = {isa = PBXFileReference; lastKnownFileType = file.storyboard; name = Base; path = Base.lproj/LaunchScreen.storyboard; sourceTree = "<group>"; };
		45D284E82B2438B700A52035 /* Info.plist */ = {isa = PBXFileReference; lastKnownFileType = text.plist.xml; path = Info.plist; sourceTree = "<group>"; };
		45D284ED2B2438B700A52035 /* CleanLottoTests.xctest */ = {isa = PBXFileReference; explicitFileType = wrapper.cfbundle; includeInIndex = 0; path = CleanLottoTests.xctest; sourceTree = BUILT_PRODUCTS_DIR; };
		45D284F12B2438B700A52035 /* CleanLottoTests.swift */ = {isa = PBXFileReference; lastKnownFileType = sourcecode.swift; path = CleanLottoTests.swift; sourceTree = "<group>"; };
		45D284F72B2438B700A52035 /* CleanLottoUITests.xctest */ = {isa = PBXFileReference; explicitFileType = wrapper.cfbundle; includeInIndex = 0; path = CleanLottoUITests.xctest; sourceTree = BUILT_PRODUCTS_DIR; };
		45D284FB2B2438B700A52035 /* CleanLottoUITests.swift */ = {isa = PBXFileReference; lastKnownFileType = sourcecode.swift; path = CleanLottoUITests.swift; sourceTree = "<group>"; };
		45D284FD2B2438B700A52035 /* CleanLottoUITestsLaunchTests.swift */ = {isa = PBXFileReference; lastKnownFileType = sourcecode.swift; path = CleanLottoUITestsLaunchTests.swift; sourceTree = "<group>"; };
/* End PBXFileReference section */

/* Begin PBXFrameworksBuildPhase section */
		45D284D42B2438B600A52035 /* Frameworks */ = {
			isa = PBXFrameworksBuildPhase;
			buildActionMask = 2147483647;
			files = (
			);
			runOnlyForDeploymentPostprocessing = 0;
		};
		45D284EA2B2438B700A52035 /* Frameworks */ = {
			isa = PBXFrameworksBuildPhase;
			buildActionMask = 2147483647;
			files = (
			);
			runOnlyForDeploymentPostprocessing = 0;
		};
		45D284F42B2438B700A52035 /* Frameworks */ = {
			isa = PBXFrameworksBuildPhase;
			buildActionMask = 2147483647;
			files = (
			);
			runOnlyForDeploymentPostprocessing = 0;
		};
/* End PBXFrameworksBuildPhase section */

/* Begin PBXGroup section */
		45D284CE2B2438B600A52035 = {
			isa = PBXGroup;
			children = (
				45D284D92B2438B600A52035 /* CleanLotto */,
				45D284F02B2438B700A52035 /* CleanLottoTests */,
				45D284FA2B2438B700A52035 /* CleanLottoUITests */,
				45D284D82B2438B600A52035 /* Products */,
			);
			sourceTree = "<group>";
		};
		45D284D82B2438B600A52035 /* Products */ = {
			isa = PBXGroup;
			children = (
				45D284D72B2438B600A52035 /* CleanLotto.app */,
				45D284ED2B2438B700A52035 /* CleanLottoTests.xctest */,
				45D284F72B2438B700A52035 /* CleanLottoUITests.xctest */,
			);
			name = Products;
			sourceTree = "<group>";
		};
		45D284D92B2438B600A52035 /* CleanLotto */ = {
			isa = PBXGroup;
			children = (
				45D284DA2B2438B600A52035 /* AppDelegate.swift */,
				45D284DC2B2438B600A52035 /* SceneDelegate.swift */,
				45D284DE2B2438B600A52035 /* ViewController.swift */,
				45D284E32B2438B700A52035 /* Assets.xcassets */,
				45D284E52B2438B700A52035 /* LaunchScreen.storyboard */,
				45D284E82B2438B700A52035 /* Info.plist */,
			);
			path = CleanLotto;
			sourceTree = "<group>";
		};
		45D284F02B2438B700A52035 /* CleanLottoTests */ = {
			isa = PBXGroup;
			children = (
				45D284F12B2438B700A52035 /* CleanLottoTests.swift */,
			);
			path = CleanLottoTests;
			sourceTree = "<group>";
		};
		45D284FA2B2438B700A52035 /* CleanLottoUITests */ = {
			isa = PBXGroup;
			children = (
				45D284FB2B2438B700A52035 /* CleanLottoUITests.swift */,
				45D284FD2B2438B700A52035 /* CleanLottoUITestsLaunchTests.swift */,
			);
			path = CleanLottoUITests;
			sourceTree = "<group>";
		};
/* End PBXGroup section */

/* Begin PBXNativeTarget section */
		45D284D62B2438B600A52035 /* CleanLotto */ = {
			isa = PBXNativeTarget;
			buildConfigurationList = 45D285012B2438B700A52035 /* Build configuration list for PBXNativeTarget "CleanLotto" */;
			buildPhases = (
				45D284D32B2438B600A52035 /* Sources */,
				45D284D42B2438B600A52035 /* Frameworks */,
				45D284D52B2438B600A52035 /* Resources */,
			);
			buildRules = (
			);
			dependencies = (
			);
			name = CleanLotto;
			productName = CleanLotto;
			productReference = 45D284D72B2438B600A52035 /* CleanLotto.app */;
			productType = "com.apple.product-type.application";
		};
		45D284EC2B2438B700A52035 /* CleanLottoTests */ = {
			isa = PBXNativeTarget;
			buildConfigurationList = 45D285042B2438B700A52035 /* Build configuration list for PBXNativeTarget "CleanLottoTests" */;
			buildPhases = (
				45D284E92B2438B700A52035 /* Sources */,
				45D284EA2B2438B700A52035 /* Frameworks */,
				45D284EB2B2438B700A52035 /* Resources */,
			);
			buildRules = (
			);
			dependencies = (
				45D284EF2B2438B700A52035 /* PBXTargetDependency */,
			);
			name = CleanLottoTests;
			productName = CleanLottoTests;
			productReference = 45D284ED2B2438B700A52035 /* CleanLottoTests.xctest */;
			productType = "com.apple.product-type.bundle.unit-test";
		};
		45D284F62B2438B700A52035 /* CleanLottoUITests */ = {
			isa = PBXNativeTarget;
			buildConfigurationList = 45D285072B2438B700A52035 /* Build configuration list for PBXNativeTarget "CleanLottoUITests" */;
			buildPhases = (
				45D284F32B2438B700A52035 /* Sources */,
				45D284F42B2438B700A52035 /* Frameworks */,
				45D284F52B2438B700A52035 /* Resources */,
			);
			buildRules = (
			);
			dependencies = (
				45D284F92B2438B700A52035 /* PBXTargetDependency */,
			);
			name = CleanLottoUITests;
			productName = CleanLottoUITests;
			productReference = 45D284F72B2438B700A52035 /* CleanLottoUITests.xctest */;
			productType = "com.apple.product-type.bundle.ui-testing";
		};
/* End PBXNativeTarget section */

/* Begin PBXProject section */
		45D284CF2B2438B600A52035 /* Project object */ = {
			isa = PBXProject;
			attributes = {
				BuildIndependentTargetsInParallel = 1;
				LastSwiftUpdateCheck = 1500;
				LastUpgradeCheck = 1500;
				TargetAttributes = {
					45D284D62B2438B600A52035 = {
						CreatedOnToolsVersion = 15.0.1;
					};
					45D284EC2B2438B700A52035 = {
						CreatedOnToolsVersion = 15.0.1;
						TestTargetID = 45D284D62B2438B600A52035;
					};
					45D284F62B2438B700A52035 = {
						CreatedOnToolsVersion = 15.0.1;
						TestTargetID = 45D284D62B2438B600A52035;
					};
				};
			};
			buildConfigurationList = 45D284D22B2438B600A52035 /* Build configuration list for PBXProject "CleanLotto" */;
			compatibilityVersion = "Xcode 14.0";
			developmentRegion = en;
			hasScannedForEncodings = 0;
			knownRegions = (
				en,
				Base,
			);
			mainGroup = 45D284CE2B2438B600A52035;
			productRefGroup = 45D284D82B2438B600A52035 /* Products */;
			projectDirPath = "";
			projectRoot = "";
			targets = (
				45D284D62B2438B600A52035 /* CleanLotto */,
				45D284EC2B2438B700A52035 /* CleanLottoTests */,
				45D284F62B2438B700A52035 /* CleanLottoUITests */,
			);
		};
/* End PBXProject section */

/* Begin PBXResourcesBuildPhase section */
		45D284D52B2438B600A52035 /* Resources */ = {
			isa = PBXResourcesBuildPhase;
			buildActionMask = 2147483647;
			files = (
				45D284E72B2438B700A52035 /* LaunchScreen.storyboard in Resources */,
				45D284E42B2438B700A52035 /* Assets.xcassets in Resources */,
			);
			runOnlyForDeploymentPostprocessing = 0;
		};
		45D284EB2B2438B700A52035 /* Resources */ = {
			isa = PBXResourcesBuildPhase;
			buildActionMask = 2147483647;
			files = (
			);
			runOnlyForDeploymentPostprocessing = 0;
		};
		45D284F52B2438B700A52035 /* Resources */ = {
			isa = PBXResourcesBuildPhase;
			buildActionMask = 2147483647;
			files = (
			);
			runOnlyForDeploymentPostprocessing = 0;
		};
/* End PBXResourcesBuildPhase section */

/* Begin PBXSourcesBuildPhase section */
		45D284D32B2438B600A52035 /* Sources */ = {
			isa = PBXSourcesBuildPhase;
			buildActionMask = 2147483647;
			files = (
				45D284DF2B2438B600A52035 /* ViewController.swift in Sources */,
				45D284DB2B2438B600A52035 /* AppDelegate.swift in Sources */,
				45D284DD2B2438B600A52035 /* SceneDelegate.swift in Sources */,
			);
			runOnlyForDeploymentPostprocessing = 0;
		};
		45D284E92B2438B700A52035 /* Sources */ = {
			isa = PBXSourcesBuildPhase;
			buildActionMask = 2147483647;
			files = (
				45D284F22B2438B700A52035 /* CleanLottoTests.swift in Sources */,
			);
			runOnlyForDeploymentPostprocessing = 0;
		};
		45D284F32B2438B700A52035 /* Sources */ = {
			isa = PBXSourcesBuildPhase;
			buildActionMask = 2147483647;
			files = (
				45D284FC2B2438B700A52035 /* CleanLottoUITests.swift in Sources */,
				45D284FE2B2438B700A52035 /* CleanLottoUITestsLaunchTests.swift in Sources */,
			);
			runOnlyForDeploymentPostprocessing = 0;
		};
/* End PBXSourcesBuildPhase section */

/* Begin PBXTargetDependency section */
		45D284EF2B2438B700A52035 /* PBXTargetDependency */ = {
			isa = PBXTargetDependency;
			target = 45D284D62B2438B600A52035 /* CleanLotto */;
			targetProxy = 45D284EE2B2438B700A52035 /* PBXContainerItemProxy */;
		};
		45D284F92B2438B700A52035 /* PBXTargetDependency */ = {
			isa = PBXTargetDependency;
			target = 45D284D62B2438B600A52035 /* CleanLotto */;
			targetProxy = 45D284F82B2438B700A52035 /* PBXContainerItemProxy */;
		};
/* End PBXTargetDependency section */

/* Begin PBXVariantGroup section */
		45D284E52B2438B700A52035 /* LaunchScreen.storyboard */ = {
			isa = PBXVariantGroup;
			children = (
				45D284E62B2438B700A52035 /* Base */,
			);
			name = LaunchScreen.storyboard;
			sourceTree = "<group>";
		};
/* End PBXVariantGroup section */

/* Begin XCBuildConfiguration section */
		45D284FF2B2438B700A52035 /* Debug */ = {
			isa = XCBuildConfiguration;
			buildSettings = {
				ALWAYS_SEARCH_USER_PATHS = NO;
				ASSETCATALOG_COMPILER_GENERATE_SWIFT_ASSET_SYMBOL_EXTENSIONS = YES;
				CLANG_ANALYZER_NONNULL = YES;
				CLANG_ANALYZER_NUMBER_OBJECT_CONVERSION = YES_AGGRESSIVE;
				CLANG_CXX_LANGUAGE_STANDARD = "gnu++20";
				CLANG_ENABLE_MODULES = YES;
				CLANG_ENABLE_OBJC_ARC = YES;
				CLANG_ENABLE_OBJC_WEAK = YES;
				CLANG_WARN_BLOCK_CAPTURE_AUTORELEASING = YES;
				CLANG_WARN_BOOL_CONVERSION = YES;
				CLANG_WARN_COMMA = YES;
				CLANG_WARN_CONSTANT_CONVERSION = YES;
				CLANG_WARN_DEPRECATED_OBJC_IMPLEMENTATIONS = YES;
				CLANG_WARN_DIRECT_OBJC_ISA_USAGE = YES_ERROR;
				CLANG_WARN_DOCUMENTATION_COMMENTS = YES;
				CLANG_WARN_EMPTY_BODY = YES;
				CLANG_WARN_ENUM_CONVERSION = YES;
				CLANG_WARN_INFINITE_RECURSION = YES;
				CLANG_WARN_INT_CONVERSION = YES;
				CLANG_WARN_NON_LITERAL_NULL_CONVERSION = YES;
				CLANG_WARN_OBJC_IMPLICIT_RETAIN_SELF = YES;
				CLANG_WARN_OBJC_LITERAL_CONVERSION = YES;
				CLANG_WARN_OBJC_ROOT_CLASS = YES_ERROR;
				CLANG_WARN_QUOTED_INCLUDE_IN_FRAMEWORK_HEADER = YES;
				CLANG_WARN_RANGE_LOOP_ANALYSIS = YES;
				CLANG_WARN_STRICT_PROTOTYPES = YES;
				CLANG_WARN_SUSPICIOUS_MOVE = YES;
				CLANG_WARN_UNGUARDED_AVAILABILITY = YES_AGGRESSIVE;
				CLANG_WARN_UNREACHABLE_CODE = YES;
				CLANG_WARN__DUPLICATE_METHOD_MATCH = YES;
				COPY_PHASE_STRIP = NO;
				DEBUG_INFORMATION_FORMAT = dwarf;
				ENABLE_STRICT_OBJC_MSGSEND = YES;
				ENABLE_TESTABILITY = YES;
				ENABLE_USER_SCRIPT_SANDBOXING = YES;
				GCC_C_LANGUAGE_STANDARD = gnu17;
				GCC_DYNAMIC_NO_PIC = NO;
				GCC_NO_COMMON_BLOCKS = YES;
				GCC_OPTIMIZATION_LEVEL = 0;
				GCC_PREPROCESSOR_DEFINITIONS = (
					"DEBUG=1",
					"$(inherited)",
				);
				GCC_WARN_64_TO_32_BIT_CONVERSION = YES;
				GCC_WARN_ABOUT_RETURN_TYPE = YES_ERROR;
				GCC_WARN_UNDECLARED_SELECTOR = YES;
				GCC_WARN_UNINITIALIZED_AUTOS = YES_AGGRESSIVE;
				GCC_WARN_UNUSED_FUNCTION = YES;
				GCC_WARN_UNUSED_VARIABLE = YES;
				IPHONEOS_DEPLOYMENT_TARGET = 17.0;
				LOCALIZATION_PREFERS_STRING_CATALOGS = YES;
				MTL_ENABLE_DEBUG_INFO = INCLUDE_SOURCE;
				MTL_FAST_MATH = YES;
				ONLY_ACTIVE_ARCH = YES;
				SDKROOT = iphoneos;
				SWIFT_ACTIVE_COMPILATION_CONDITIONS = "DEBUG $(inherited)";
				SWIFT_OPTIMIZATION_LEVEL = "-Onone";
			};
			name = Debug;
		};
		45D285002B2438B700A52035 /* Release */ = {
			isa = XCBuildConfiguration;
			buildSettings = {
				ALWAYS_SEARCH_USER_PATHS = NO;
				ASSETCATALOG_COMPILER_GENERATE_SWIFT_ASSET_SYMBOL_EXTENSIONS = YES;
				CLANG_ANALYZER_NONNULL = YES;
				CLANG_ANALYZER_NUMBER_OBJECT_CONVERSION = YES_AGGRESSIVE;
				CLANG_CXX_LANGUAGE_STANDARD = "gnu++20";
				CLANG_ENABLE_MODULES = YES;
				CLANG_ENABLE_OBJC_ARC = YES;
				CLANG_ENABLE_OBJC_WEAK = YES;
				CLANG_WARN_BLOCK_CAPTURE_AUTORELEASING = YES;
				CLANG_WARN_BOOL_CONVERSION = YES;
				CLANG_WARN_COMMA = YES;
				CLANG_WARN_CONSTANT_CONVERSION = YES;
				CLANG_WARN_DEPRECATED_OBJC_IMPLEMENTATIONS = YES;
				CLANG_WARN_DIRECT_OBJC_ISA_USAGE = YES_ERROR;
				CLANG_WARN_DOCUMENTATION_COMMENTS = YES;
				CLANG_WARN_EMPTY_BODY = YES;
				CLANG_WARN_ENUM_CONVERSION = YES;
				CLANG_WARN_INFINITE_RECURSION = YES;
				CLANG_WARN_INT_CONVERSION = YES;
				CLANG_WARN_NON_LITERAL_NULL_CONVERSION = YES;
				CLANG_WARN_OBJC_IMPLICIT_RETAIN_SELF = YES;
				CLANG_WARN_OBJC_LITERAL_CONVERSION = YES;
				CLANG_WARN_OBJC_ROOT_CLASS = YES_ERROR;
				CLANG_WARN_QUOTED_INCLUDE_IN_FRAMEWORK_HEADER = YES;
				CLANG_WARN_RANGE_LOOP_ANALYSIS = YES;
				CLANG_WARN_STRICT_PROTOTYPES = YES;
				CLANG_WARN_SUSPICIOUS_MOVE = YES;
				CLANG_WARN_UNGUARDED_AVAILABILITY = YES_AGGRESSIVE;
				CLANG_WARN_UNREACHABLE_CODE = YES;
				CLANG_WARN__DUPLICATE_METHOD_MATCH = YES;
				COPY_PHASE_STRIP = NO;
				DEBUG_INFORMATION_FORMAT = "dwarf-with-dsym";
				ENABLE_NS_ASSERTIONS = NO;
				ENABLE_STRICT_OBJC_MSGSEND = YES;
				ENABLE_USER_SCRIPT_SANDBOXING = YES;
				GCC_C_LANGUAGE_STANDARD = gnu17;
				GCC_NO_COMMON_BLOCKS = YES;
				GCC_WARN_64_TO_32_BIT_CONVERSION = YES;
				GCC_WARN_ABOUT_RETURN_TYPE = YES_ERROR;
				GCC_WARN_UNDECLARED_SELECTOR = YES;
				GCC_WARN_UNINITIALIZED_AUTOS = YES_AGGRESSIVE;
				GCC_WARN_UNUSED_FUNCTION = YES;
				GCC_WARN_UNUSED_VARIABLE = YES;
				IPHONEOS_DEPLOYMENT_TARGET = 17.0;
				LOCALIZATION_PREFERS_STRING_CATALOGS = YES;
				MTL_ENABLE_DEBUG_INFO = NO;
				MTL_FAST_MATH = YES;
				SDKROOT = iphoneos;
				SWIFT_COMPILATION_MODE = wholemodule;
				VALIDATE_PRODUCT = YES;
			};
			name = Release;
		};
		45D285022B2438B700A52035 /* Debug */ = {
			isa = XCBuildConfiguration;
			buildSettings = {
				ASSETCATALOG_COMPILER_APPICON_NAME = AppIcon;
				ASSETCATALOG_COMPILER_GLOBAL_ACCENT_COLOR_NAME = AccentColor;
				CODE_SIGN_STYLE = Automatic;
				CURRENT_PROJECT_VERSION = 1;
				DEVELOPMENT_TEAM = 4HT2BE32MC;
				GENERATE_INFOPLIST_FILE = YES;
				INFOPLIST_FILE = CleanLotto/Info.plist;
				INFOPLIST_KEY_UIApplicationSupportsIndirectInputEvents = YES;
				INFOPLIST_KEY_UILaunchStoryboardName = LaunchScreen;
				INFOPLIST_KEY_UIMainStoryboardFile = "";
				INFOPLIST_KEY_UISupportedInterfaceOrientations_iPad = "UIInterfaceOrientationPortrait UIInterfaceOrientationPortraitUpsideDown UIInterfaceOrientationLandscapeLeft UIInterfaceOrientationLandscapeRight";
				INFOPLIST_KEY_UISupportedInterfaceOrientations_iPhone = "UIInterfaceOrientationPortrait UIInterfaceOrientationLandscapeLeft UIInterfaceOrientationLandscapeRight";
				LD_RUNPATH_SEARCH_PATHS = (
					"$(inherited)",
					"@executable_path/Frameworks",
				);
				MARKETING_VERSION = 1.0;
				PRODUCT_BUNDLE_IDENTIFIER = com.elly.CleanLotto;
				PRODUCT_NAME = "$(TARGET_NAME)";
				SWIFT_EMIT_LOC_STRINGS = YES;
				SWIFT_VERSION = 5.0;
				TARGETED_DEVICE_FAMILY = "1,2";
			};
			name = Debug;
		};
		45D285032B2438B700A52035 /* Release */ = {
			isa = XCBuildConfiguration;
			buildSettings = {
				ASSETCATALOG_COMPILER_APPICON_NAME = AppIcon;
				ASSETCATALOG_COMPILER_GLOBAL_ACCENT_COLOR_NAME = AccentColor;
				CODE_SIGN_STYLE = Automatic;
				CURRENT_PROJECT_VERSION = 1;
				DEVELOPMENT_TEAM = 4HT2BE32MC;
				GENERATE_INFOPLIST_FILE = YES;
				INFOPLIST_FILE = CleanLotto/Info.plist;
				INFOPLIST_KEY_UIApplicationSupportsIndirectInputEvents = YES;
				INFOPLIST_KEY_UILaunchStoryboardName = LaunchScreen;
				INFOPLIST_KEY_UIMainStoryboardFile = "";
				INFOPLIST_KEY_UISupportedInterfaceOrientations_iPad = "UIInterfaceOrientationPortrait UIInterfaceOrientationPortraitUpsideDown UIInterfaceOrientationLandscapeLeft UIInterfaceOrientationLandscapeRight";
				INFOPLIST_KEY_UISupportedInterfaceOrientations_iPhone = "UIInterfaceOrientationPortrait UIInterfaceOrientationLandscapeLeft UIInterfaceOrientationLandscapeRight";
				LD_RUNPATH_SEARCH_PATHS = (
					"$(inherited)",
					"@executable_path/Frameworks",
				);
				MARKETING_VERSION = 1.0;
				PRODUCT_BUNDLE_IDENTIFIER = com.elly.CleanLotto;
				PRODUCT_NAME = "$(TARGET_NAME)";
				SWIFT_EMIT_LOC_STRINGS = YES;
				SWIFT_VERSION = 5.0;
				TARGETED_DEVICE_FAMILY = "1,2";
			};
			name = Release;
		};
		45D285052B2438B700A52035 /* Debug */ = {
			isa = XCBuildConfiguration;
			buildSettings = {
				ALWAYS_EMBED_SWIFT_STANDARD_LIBRARIES = YES;
				BUNDLE_LOADER = "$(TEST_HOST)";
				CODE_SIGN_STYLE = Automatic;
				CURRENT_PROJECT_VERSION = 1;
				DEVELOPMENT_TEAM = 4HT2BE32MC;
				GENERATE_INFOPLIST_FILE = YES;
				IPHONEOS_DEPLOYMENT_TARGET = 17.0;
				MARKETING_VERSION = 1.0;
				PRODUCT_BUNDLE_IDENTIFIER = com.elly.CleanLottoTests;
				PRODUCT_NAME = "$(TARGET_NAME)";
				SWIFT_EMIT_LOC_STRINGS = NO;
				SWIFT_VERSION = 5.0;
				TARGETED_DEVICE_FAMILY = "1,2";
				TEST_HOST = "$(BUILT_PRODUCTS_DIR)/CleanLotto.app/$(BUNDLE_EXECUTABLE_FOLDER_PATH)/CleanLotto";
			};
			name = Debug;
		};
		45D285062B2438B700A52035 /* Release */ = {
			isa = XCBuildConfiguration;
			buildSettings = {
				ALWAYS_EMBED_SWIFT_STANDARD_LIBRARIES = YES;
				BUNDLE_LOADER = "$(TEST_HOST)";
				CODE_SIGN_STYLE = Automatic;
				CURRENT_PROJECT_VERSION = 1;
				DEVELOPMENT_TEAM = 4HT2BE32MC;
				GENERATE_INFOPLIST_FILE = YES;
				IPHONEOS_DEPLOYMENT_TARGET = 17.0;
				MARKETING_VERSION = 1.0;
				PRODUCT_BUNDLE_IDENTIFIER = com.elly.CleanLottoTests;
				PRODUCT_NAME = "$(TARGET_NAME)";
				SWIFT_EMIT_LOC_STRINGS = NO;
				SWIFT_VERSION = 5.0;
				TARGETED_DEVICE_FAMILY = "1,2";
				TEST_HOST = "$(BUILT_PRODUCTS_DIR)/CleanLotto.app/$(BUNDLE_EXECUTABLE_FOLDER_PATH)/CleanLotto";
			};
			name = Release;
		};
		45D285082B2438B700A52035 /* Debug */ = {
			isa = XCBuildConfiguration;
			buildSettings = {
				ALWAYS_EMBED_SWIFT_STANDARD_LIBRARIES = YES;
				CODE_SIGN_STYLE = Automatic;
				CURRENT_PROJECT_VERSION = 1;
				DEVELOPMENT_TEAM = 4HT2BE32MC;
				GENERATE_INFOPLIST_FILE = YES;
				MARKETING_VERSION = 1.0;
				PRODUCT_BUNDLE_IDENTIFIER = com.elly.CleanLottoUITests;
				PRODUCT_NAME = "$(TARGET_NAME)";
				SWIFT_EMIT_LOC_STRINGS = NO;
				SWIFT_VERSION = 5.0;
				TARGETED_DEVICE_FAMILY = "1,2";
				TEST_TARGET_NAME = CleanLotto;
			};
			name = Debug;
		};
		45D285092B2438B700A52035 /* Release */ = {
			isa = XCBuildConfiguration;
			buildSettings = {
				ALWAYS_EMBED_SWIFT_STANDARD_LIBRARIES = YES;
				CODE_SIGN_STYLE = Automatic;
				CURRENT_PROJECT_VERSION = 1;
				DEVELOPMENT_TEAM = 4HT2BE32MC;
				GENERATE_INFOPLIST_FILE = YES;
				MARKETING_VERSION = 1.0;
				PRODUCT_BUNDLE_IDENTIFIER = com.elly.CleanLottoUITests;
				PRODUCT_NAME = "$(TARGET_NAME)";
				SWIFT_EMIT_LOC_STRINGS = NO;
				SWIFT_VERSION = 5.0;
				TARGETED_DEVICE_FAMILY = "1,2";
				TEST_TARGET_NAME = CleanLotto;
			};
			name = Release;
		};
/* End XCBuildConfiguration section */

/* Begin XCConfigurationList section */
		45D284D22B2438B600A52035 /* Build configuration list for PBXProject "CleanLotto" */ = {
			isa = XCConfigurationList;
			buildConfigurations = (
				45D284FF2B2438B700A52035 /* Debug */,
				45D285002B2438B700A52035 /* Release */,
			);
			defaultConfigurationIsVisible = 0;
			defaultConfigurationName = Release;
		};
		45D285012B2438B700A52035 /* Build configuration list for PBXNativeTarget "CleanLotto" */ = {
			isa = XCConfigurationList;
			buildConfigurations = (
				45D285022B2438B700A52035 /* Debug */,
				45D285032B2438B700A52035 /* Release */,
			);
			defaultConfigurationIsVisible = 0;
			defaultConfigurationName = Release;
		};
		45D285042B2438B700A52035 /* Build configuration list for PBXNativeTarget "CleanLottoTests" */ = {
			isa = XCConfigurationList;
			buildConfigurations = (
				45D285052B2438B700A52035 /* Debug */,
				45D285062B2438B700A52035 /* Release */,
			);
			defaultConfigurationIsVisible = 0;
			defaultConfigurationName = Release;
		};
		45D285072B2438B700A52035 /* Build configuration list for PBXNativeTarget "CleanLottoUITests" */ = {
			isa = XCConfigurationList;
			buildConfigurations = (
				45D285082B2438B700A52035 /* Debug */,
				45D285092B2438B700A52035 /* Release */,
			);
			defaultConfigurationIsVisible = 0;
			defaultConfigurationName = Release;
		};
/* End XCConfigurationList section */
	};
	rootObject = 45D284CF2B2438B600A52035 /* Project object */;
}
